uuid: 72b2baec-39b8-4546-b856-68877f98d12b
langcode: en
status: true
dependencies:
  config:
    - block_content.type.content_summary_block
  module:
    - content_translation
third_party_settings:
  content_translation:
    enabled: true
id: block_content.content_summary_block
target_entity_type_id: block_content
target_bundle: content_summary_block
default_langcode: site_default
language_alterable: false
